
Microsoft Visual Studio Solution File, Format Version 12.00
# Visual Studio Version 17
VisualStudioVersion = 17.11.35222.181
MinimumVisualStudioVersion = 10.0.40219.1
Project("{9A19103F-16F7-4668-BE54-9A1E7A4F7556}") = "application-recip", "application-recip\application-recip.csproj", "{DFAB9A2E-BC4F-442D-B21A-205B4FDD0D41}"
EndProject
Project("{FAE04EC0-301F-11D3-BF4B-00C04F79EFBC}") = "application-recip-tests", "application-recip-tests\application-recip-tests.csproj", "{A6F9A81E-BCDE-4E6F-A976-A7E991A989FE}"
EndProject
Global
	GlobalSection(SolutionConfigurationPlatforms) = preSolution
		Debug|Any CPU = Debug|Any CPU
		Release|Any CPU = Release|Any CPU
	EndGlobalSection
	GlobalSection(ProjectConfigurationPlatforms) = postSolution
		{DFAB9A2E-BC4F-442D-B21A-205B4FDD0D41}.Debug|Any CPU.ActiveCfg = Debug|Any CPU
		{DFAB9A2E-BC4F-442D-B21A-205B4FDD0D41}.Debug|Any CPU.Build.0 = Debug|Any CPU
		{DFAB9A2E-BC4F-442D-B21A-205B4FDD0D41}.Release|Any CPU.ActiveCfg = Release|Any CPU
		{DFAB9A2E-BC4F-442D-B21A-205B4FDD0D41}.Release|Any CPU.Build.0 = Release|Any CPU
		{A6F9A81E-BCDE-4E6F-A976-A7E991A989FE}.Debug|Any CPU.ActiveCfg = Debug|Any CPU
		{A6F9A81E-BCDE-4E6F-A976-A7E991A989FE}.Debug|Any CPU.Build.0 = Debug|Any CPU
		{A6F9A81E-BCDE-4E6F-A976-A7E991A989FE}.Release|Any CPU.ActiveCfg = Release|Any CPU
		{A6F9A81E-BCDE-4E6F-A976-A7E991A989FE}.Release|Any CPU.Build.0 = Release|Any CPU
	EndGlobalSection
	GlobalSection(SolutionProperties) = preSolution
		HideSolutionNode = FALSE
	EndGlobalSection
	GlobalSection(ExtensibilityGlobals) = postSolution
		SolutionGuid = {D9C5828E-4DE5-4758-9A8F-6D838458A0AB}
	EndGlobalSection
EndGlobal
